
Microsoft Visual Studio Solution File, Format Version 12.00
# Visual Studio Version 16
VisualStudioVersion = 16.0.30804.86
MinimumVisualStudioVersion = 10.0.40219.1
Project("{FAE04EC0-301F-11D3-BF4B-00C04F79EFBC}") = "Exercice 5", "Exercice 5\Exercice 5.csproj", "{E89A748E-1131-4D3F-8A86-3D7061699B19}"
EndProject
Global
	GlobalSection(SolutionConfigurationPlatforms) = preSolution
		Debug|Any CPU = Debug|Any CPU
		Release|Any CPU = Release|Any CPU
	EndGlobalSection
	GlobalSection(ProjectConfigurationPlatforms) = postSolution
		{E89A748E-1131-4D3F-8A86-3D7061699B19}.Debug|Any CPU.ActiveCfg = Debug|Any CPU
		{E89A748E-1131-4D3F-8A86-3D7061699B19}.Debug|Any CPU.Build.0 = Debug|Any CPU
		{E89A748E-1131-4D3F-8A86-3D7061699B19}.Release|Any CPU.ActiveCfg = Release|Any CPU
		{E89A748E-1131-4D3F-8A86-3D7061699B19}.Release|Any CPU.Build.0 = Release|Any CPU
	EndGlobalSection
	GlobalSection(SolutionProperties) = preSolution
		HideSolutionNode = FALSE
	EndGlobalSection
	GlobalSection(ExtensibilityGlobals) = postSolution
		SolutionGuid = {E2D1A804-CC6B-4A5E-B407-B28DFB220FF3}
	EndGlobalSection
EndGlobal
